
Microsoft Visual Studio Solution File, Format Version 12.00
Project("{FAE04EC0-301F-11D3-BF4B-00C04F79EFBC}") = "MediatorDemo", "MediatorDemo\MediatorDemo.csproj", "{1752067A-53E6-47BE-8B55-4074A40BA1E6}"
EndProject
Global
	GlobalSection(SolutionConfigurationPlatforms) = preSolution
		Debug|Any CPU = Debug|Any CPU
		Release|Any CPU = Release|Any CPU
	EndGlobalSection
	GlobalSection(ProjectConfigurationPlatforms) = postSolution
		{1752067A-53E6-47BE-8B55-4074A40BA1E6}.Debug|Any CPU.ActiveCfg = Debug|Any CPU
		{1752067A-53E6-47BE-8B55-4074A40BA1E6}.Debug|Any CPU.Build.0 = Debug|Any CPU
		{1752067A-53E6-47BE-8B55-4074A40BA1E6}.Release|Any CPU.ActiveCfg = Release|Any CPU
		{1752067A-53E6-47BE-8B55-4074A40BA1E6}.Release|Any CPU.Build.0 = Release|Any CPU
	EndGlobalSection
EndGlobal
